
Microsoft Visual Studio Solution File, Format Version 12.00
# Visual Studio Version 17
VisualStudioVersion = 17.1.32328.378
MinimumVisualStudioVersion = 10.0.40219.1
Project("{9A19103F-16F7-4668-BE54-9A1E7A4F7556}") = "OneRoster.Api", "OneRoster.Api\OneRoster.Api.csproj", "{8D8637B8-3115-4EFF-84FE-C2258CB57FE9}"
EndProject
Project("{FAE04EC0-301F-11D3-BF4B-00C04F79EFBC}") = "OneRoster.Services", "OneRoster.Services\OneRoster.Services.csproj", "{4BC9F4B0-9AAC-497D-8E5C-19C1DF4B0155}"
EndProject
Project("{FAE04EC0-301F-11D3-BF4B-00C04F79EFBC}") = "OneRoster.Models", "OneRoster.Models\OneRoster.Models.csproj", "{9B07694A-25C3-48F3-82F4-4483FA4D5BC6}"
EndProject
Global
	GlobalSection(SolutionConfigurationPlatforms) = preSolution
		Debug|Any CPU = Debug|Any CPU
		Release|Any CPU = Release|Any CPU
	EndGlobalSection
	GlobalSection(ProjectConfigurationPlatforms) = postSolution
		{8D8637B8-3115-4EFF-84FE-C2258CB57FE9}.Debug|Any CPU.ActiveCfg = Debug|Any CPU
		{8D8637B8-3115-4EFF-84FE-C2258CB57FE9}.Debug|Any CPU.Build.0 = Debug|Any CPU
		{8D8637B8-3115-4EFF-84FE-C2258CB57FE9}.Release|Any CPU.ActiveCfg = Release|Any CPU
		{8D8637B8-3115-4EFF-84FE-C2258CB57FE9}.Release|Any CPU.Build.0 = Release|Any CPU
		{4BC9F4B0-9AAC-497D-8E5C-19C1DF4B0155}.Debug|Any CPU.ActiveCfg = Debug|Any CPU
		{4BC9F4B0-9AAC-497D-8E5C-19C1DF4B0155}.Debug|Any CPU.Build.0 = Debug|Any CPU
		{4BC9F4B0-9AAC-497D-8E5C-19C1DF4B0155}.Release|Any CPU.ActiveCfg = Release|Any CPU
		{4BC9F4B0-9AAC-497D-8E5C-19C1DF4B0155}.Release|Any CPU.Build.0 = Release|Any CPU
		{9B07694A-25C3-48F3-82F4-4483FA4D5BC6}.Debug|Any CPU.ActiveCfg = Debug|Any CPU
		{9B07694A-25C3-48F3-82F4-4483FA4D5BC6}.Debug|Any CPU.Build.0 = Debug|Any CPU
		{9B07694A-25C3-48F3-82F4-4483FA4D5BC6}.Release|Any CPU.ActiveCfg = Release|Any CPU
		{9B07694A-25C3-48F3-82F4-4483FA4D5BC6}.Release|Any CPU.Build.0 = Release|Any CPU
	EndGlobalSection
	GlobalSection(SolutionProperties) = preSolution
		HideSolutionNode = FALSE
	EndGlobalSection
	GlobalSection(ExtensibilityGlobals) = postSolution
		SolutionGuid = {8A52794E-10E0-442A-B167-362D16F08CA3}
	EndGlobalSection
EndGlobal
